
Microsoft Visual Studio Solution File, Format Version 12.00
# Visual Studio Version 16
VisualStudioVersion = 16.0.29306.81
MinimumVisualStudioVersion = 10.0.40219.1
Project("{FAE04EC0-301F-11D3-BF4B-00C04F79EFBC}") = "Turnos", "Turnos\Turnos.csproj", "{06F8051C-D9D2-4683-820A-82E5FAD1C566}"
EndProject
Global
	GlobalSection(SolutionConfigurationPlatforms) = preSolution
		Debug|Any CPU = Debug|Any CPU
		Release|Any CPU = Release|Any CPU
	EndGlobalSection
	GlobalSection(ProjectConfigurationPlatforms) = postSolution
		{06F8051C-D9D2-4683-820A-82E5FAD1C566}.Debug|Any CPU.ActiveCfg = Debug|Any CPU
		{06F8051C-D9D2-4683-820A-82E5FAD1C566}.Debug|Any CPU.Build.0 = Debug|Any CPU
		{06F8051C-D9D2-4683-820A-82E5FAD1C566}.Release|Any CPU.ActiveCfg = Release|Any CPU
		{06F8051C-D9D2-4683-820A-82E5FAD1C566}.Release|Any CPU.Build.0 = Release|Any CPU
	EndGlobalSection
	GlobalSection(SolutionProperties) = preSolution
		HideSolutionNode = FALSE
	EndGlobalSection
	GlobalSection(ExtensibilityGlobals) = postSolution
		SolutionGuid = {EE85091B-CBBE-49E2-AC8D-C768A981E83F}
	EndGlobalSection
EndGlobal
